
Microsoft Visual Studio Solution File, Format Version 12.00
# Visual Studio Version 16
VisualStudioVersion = 16.0.30907.101
MinimumVisualStudioVersion = 10.0.40219.1
Project("{FAE04EC0-301F-11D3-BF4B-00C04F79EFBC}") = "CommandLineParser", "CmdLineParser\CommandLineParser.csproj", "{0F8AC950-3B41-455B-8552-F1135F60A334}"
EndProject
Project("{FAE04EC0-301F-11D3-BF4B-00C04F79EFBC}") = "CommandLineParserTest", "CmdLineParserTest\CommandLineParserTest.csproj", "{8608B521-74AC-4E82-B235-3E20B8DF0428}"
EndProject
Global
	GlobalSection(SolutionConfigurationPlatforms) = preSolution
		Debug|Any CPU = Debug|Any CPU
		Release|Any CPU = Release|Any CPU
	EndGlobalSection
	GlobalSection(ProjectConfigurationPlatforms) = postSolution
		{0F8AC950-3B41-455B-8552-F1135F60A334}.Debug|Any CPU.ActiveCfg = Debug|Any CPU
		{0F8AC950-3B41-455B-8552-F1135F60A334}.Debug|Any CPU.Build.0 = Debug|Any CPU
		{0F8AC950-3B41-455B-8552-F1135F60A334}.Release|Any CPU.ActiveCfg = Release|Any CPU
		{0F8AC950-3B41-455B-8552-F1135F60A334}.Release|Any CPU.Build.0 = Release|Any CPU
		{8608B521-74AC-4E82-B235-3E20B8DF0428}.Debug|Any CPU.ActiveCfg = Debug|Any CPU
		{8608B521-74AC-4E82-B235-3E20B8DF0428}.Debug|Any CPU.Build.0 = Debug|Any CPU
		{8608B521-74AC-4E82-B235-3E20B8DF0428}.Release|Any CPU.ActiveCfg = Release|Any CPU
		{8608B521-74AC-4E82-B235-3E20B8DF0428}.Release|Any CPU.Build.0 = Release|Any CPU
	EndGlobalSection
	GlobalSection(SolutionProperties) = preSolution
		HideSolutionNode = FALSE
	EndGlobalSection
	GlobalSection(ExtensibilityGlobals) = postSolution
		SolutionGuid = {0FD82F7E-D175-4817-BA4C-049CFC587EC2}
	EndGlobalSection
EndGlobal
